
Microsoft Visual Studio Solution File, Format Version 12.00
# Visual Studio Version 17
VisualStudioVersion = 17.13.35931.197
MinimumVisualStudioVersion = 10.0.40219.1
Project("{FAE04EC0-301F-11D3-BF4B-00C04F79EFBC}") = "SmartPhoneAdvisor", "SmartPhoneAdvisor.csproj", "{6CFDCCBE-8149-4119-9776-3E82931F2122}"
EndProject
Global
	GlobalSection(SolutionConfigurationPlatforms) = preSolution
		Debug|Any CPU = Debug|Any CPU
		Release|Any CPU = Release|Any CPU
	EndGlobalSection
	GlobalSection(ProjectConfigurationPlatforms) = postSolution
		{6CFDCCBE-8149-4119-9776-3E82931F2122}.Debug|Any CPU.ActiveCfg = Debug|Any CPU
		{6CFDCCBE-8149-4119-9776-3E82931F2122}.Debug|Any CPU.Build.0 = Debug|Any CPU
		{6CFDCCBE-8149-4119-9776-3E82931F2122}.Release|Any CPU.ActiveCfg = Release|Any CPU
		{6CFDCCBE-8149-4119-9776-3E82931F2122}.Release|Any CPU.Build.0 = Release|Any CPU
	EndGlobalSection
	GlobalSection(SolutionProperties) = preSolution
		HideSolutionNode = FALSE
	EndGlobalSection
	GlobalSection(ExtensibilityGlobals) = postSolution
		SolutionGuid = {FBB24191-875A-4CF7-BE8F-86CCC608051A}
	EndGlobalSection
EndGlobal
